
Microsoft Visual Studio Solution File, Format Version 12.00
# Visual Studio Version 16
VisualStudioVersion = 16.0.31410.357
MinimumVisualStudioVersion = 10.0.40219.1
Project("{FAE04EC0-301F-11D3-BF4B-00C04F79EFBC}") = "Algoritmia", "Algoritmia\Algoritmia.csproj", "{B531F676-DE56-4E88-9152-48F652BDAB19}"
EndProject
Project("{FAE04EC0-301F-11D3-BF4B-00C04F79EFBC}") = "AlgoritimaChapter2", "AlgoritimaChapter2\AlgoritimaChapter2.csproj", "{AA0884F3-148C-4594-A485-B90C780170E0}"
EndProject
Global
	GlobalSection(SolutionConfigurationPlatforms) = preSolution
		Debug|Any CPU = Debug|Any CPU
		Release|Any CPU = Release|Any CPU
	EndGlobalSection
	GlobalSection(ProjectConfigurationPlatforms) = postSolution
		{B531F676-DE56-4E88-9152-48F652BDAB19}.Debug|Any CPU.ActiveCfg = Debug|Any CPU
		{B531F676-DE56-4E88-9152-48F652BDAB19}.Debug|Any CPU.Build.0 = Debug|Any CPU
		{B531F676-DE56-4E88-9152-48F652BDAB19}.Release|Any CPU.ActiveCfg = Release|Any CPU
		{B531F676-DE56-4E88-9152-48F652BDAB19}.Release|Any CPU.Build.0 = Release|Any CPU
		{AA0884F3-148C-4594-A485-B90C780170E0}.Debug|Any CPU.ActiveCfg = Debug|Any CPU
		{AA0884F3-148C-4594-A485-B90C780170E0}.Debug|Any CPU.Build.0 = Debug|Any CPU
		{AA0884F3-148C-4594-A485-B90C780170E0}.Release|Any CPU.ActiveCfg = Release|Any CPU
		{AA0884F3-148C-4594-A485-B90C780170E0}.Release|Any CPU.Build.0 = Release|Any CPU
	EndGlobalSection
	GlobalSection(SolutionProperties) = preSolution
		HideSolutionNode = FALSE
	EndGlobalSection
	GlobalSection(ExtensibilityGlobals) = postSolution
		SolutionGuid = {A9D37FCB-6A07-497C-8367-596045B40BE5}
	EndGlobalSection
EndGlobal
